
Microsoft Visual Studio Solution File, Format Version 12.00
# Visual Studio Version 16
VisualStudioVersion = 16.0.29230.47
MinimumVisualStudioVersion = 10.0.40219.1
Project("{9A19103F-16F7-4668-BE54-9A1E7A4F7556}") = "TournamentManager.Backend", "TournamentManager.Backend.csproj", "{F8843341-0DC3-4745-971B-8250D99DC67B}"
EndProject
Project("{FAE04EC0-301F-11D3-BF4B-00C04F79EFBC}") = "TournamentManager.Backend.Tests", "..\TournamentManager.Backend.Tests\TournamentManager.Backend.Tests.csproj", "{959487BC-3EBD-4217-832E-467ECADA7E92}"
EndProject
Global
	GlobalSection(SolutionConfigurationPlatforms) = preSolution
		Debug|Any CPU = Debug|Any CPU
		Release|Any CPU = Release|Any CPU
	EndGlobalSection
	GlobalSection(ProjectConfigurationPlatforms) = postSolution
		{F8843341-0DC3-4745-971B-8250D99DC67B}.Debug|Any CPU.ActiveCfg = Debug|Any CPU
		{F8843341-0DC3-4745-971B-8250D99DC67B}.Debug|Any CPU.Build.0 = Debug|Any CPU
		{F8843341-0DC3-4745-971B-8250D99DC67B}.Release|Any CPU.ActiveCfg = Release|Any CPU
		{F8843341-0DC3-4745-971B-8250D99DC67B}.Release|Any CPU.Build.0 = Release|Any CPU
		{959487BC-3EBD-4217-832E-467ECADA7E92}.Debug|Any CPU.ActiveCfg = Debug|Any CPU
		{959487BC-3EBD-4217-832E-467ECADA7E92}.Debug|Any CPU.Build.0 = Debug|Any CPU
		{959487BC-3EBD-4217-832E-467ECADA7E92}.Release|Any CPU.ActiveCfg = Release|Any CPU
		{959487BC-3EBD-4217-832E-467ECADA7E92}.Release|Any CPU.Build.0 = Release|Any CPU
	EndGlobalSection
	GlobalSection(SolutionProperties) = preSolution
		HideSolutionNode = FALSE
	EndGlobalSection
	GlobalSection(ExtensibilityGlobals) = postSolution
		SolutionGuid = {CED6CB2A-14B6-429A-B5AD-55876C811F39}
	EndGlobalSection
EndGlobal
